github.com/ryouaki/koa v1.3.5 h1:rFJhPitky81p55f8GIlJMKiOvFLP1ENl38mTqNjihQM=
github.com/ryouaki/koa v1.3.5/go.mod h1:RmRPGMoqGGcc8th5NSoHCI9OAuWJReR2Y0n2+7z/ckk=
github.com/ryouaki/koa v1.3.6 h1:rU3NpvFATZp5+8YNE0MQ6JI9c/XyvSaNG8BQCRBcpRs=
github.com/ryouaki/koa v1.3.6/go.mod h1:RmRPGMoqGGcc8th5NSoHCI9OAuWJReR2Y0n2+7z/ckk=
